
Microsoft Visual Studio Solution File, Format Version 12.00
# Visual Studio Version 17
VisualStudioVersion = 17.1.32421.90
MinimumVisualStudioVersion = 10.0.40219.1
Project("{9A19103F-16F7-4668-BE54-9A1E7A4F7556}") = "SqlSugar.InterSystemCore", "SqlSugar.InterSystemCore.csproj", "{1B90F841-270E-471A-85F8-130376209161}"
EndProject
Project("{9A19103F-16F7-4668-BE54-9A1E7A4F7556}") = "SqlSugar", "..\SqlSugar\SqlSugar.csproj", "{1F7C0D3E-0FBB-476F-BFCC-B89B7CFA684B}"
EndProject
Global
	GlobalSection(SolutionConfigurationPlatforms) = preSolution
		Debug|Any CPU = Debug|Any CPU
		Release|Any CPU = Release|Any CPU
	EndGlobalSection
	GlobalSection(ProjectConfigurationPlatforms) = postSolution
		{1B90F841-270E-471A-85F8-130376209161}.Debug|Any CPU.ActiveCfg = Debug|Any CPU
		{1B90F841-270E-471A-85F8-130376209161}.Debug|Any CPU.Build.0 = Debug|Any CPU
		{1B90F841-270E-471A-85F8-130376209161}.Release|Any CPU.ActiveCfg = Release|Any CPU
		{1B90F841-270E-471A-85F8-130376209161}.Release|Any CPU.Build.0 = Release|Any CPU
		{1F7C0D3E-0FBB-476F-BFCC-B89B7CFA684B}.Debug|Any CPU.ActiveCfg = Debug|Any CPU
		{1F7C0D3E-0FBB-476F-BFCC-B89B7CFA684B}.Debug|Any CPU.Build.0 = Debug|Any CPU
		{1F7C0D3E-0FBB-476F-BFCC-B89B7CFA684B}.Release|Any CPU.ActiveCfg = Release|Any CPU
		{1F7C0D3E-0FBB-476F-BFCC-B89B7CFA684B}.Release|Any CPU.Build.0 = Release|Any CPU
	EndGlobalSection
	GlobalSection(SolutionProperties) = preSolution
		HideSolutionNode = FALSE
	EndGlobalSection
	GlobalSection(ExtensibilityGlobals) = postSolution
		SolutionGuid = {7875F977-FCCE-4671-8E1B-E5CB7540F8AB}
	EndGlobalSection
EndGlobal
